// !$*UTF8*$!
{
	archiveVersion = 1;
	classes = {
	};
	objectVersion = 46;
	objects = {

/* Begin PBXBuildFile section */
		E9EFCC2A1F34E87500B7718F /* AppDelegate.swift in Sources */ = {isa = PBXBuildFile; fileRef = E9EFCC291F34E87400B7718F /* AppDelegate.swift */; };
		E9EFCC2C1F34E87500B7718F /* ViewController.swift in Sources */ = {isa = PBXBuildFile; fileRef = E9EFCC2B1F34E87500B7718F /* ViewController.swift */; };
		E9EFCC2F1F34E87500B7718F /* Main.storyboard in Resources */ = {isa = PBXBuildFile; fileRef = E9EFCC2D1F34E87500B7718F /* Main.storyboard */; };
		E9EFCC311F34E87500B7718F /* Assets.xcassets in Resources */ = {isa = PBXBuildFile; fileRef = E9EFCC301F34E87500B7718F /* Assets.xcassets */; };
		E9EFCC341F34E87500B7718F /* LaunchScreen.storyboard in Resources */ = {isa = PBXBuildFile; fileRef = E9EFCC321F34E87500B7718F /* LaunchScreen.storyboard */; };
		E9EFCC3C1F34E8C000B7718F /* IBMMLDesignableView.swift in Sources */ = {isa = PBXBuildFile; fileRef = E9EFCC3B1F34E8C000B7718F /* IBMMLDesignableView.swift */; };
/* End PBXBuildFile section */

/* Begin PBXFileReference section */
		E9EFCC261F34E87400B7718F /* IBDesignable.app */ = {isa = PBXFileReference; explicitFileType = wrapper.application; includeInIndex = 0; path = IBDesignable.app; sourceTree = BUILT_PRODUCTS_DIR; };
		E9EFCC291F34E87400B7718F /* AppDelegate.swift */ = {isa = PBXFileReference; lastKnownFileType = sourcecode.swift; path = AppDelegate.swift; sourceTree = "<group>"; };
		E9EFCC2B1F34E87500B7718F /* ViewController.swift */ = {isa = PBXFileReference; lastKnownFileType = sourcecode.swift; path = ViewController.swift; sourceTree = "<group>"; };
		E9EFCC2E1F34E87500B7718F /* Base */ = {isa = PBXFileReference; lastKnownFileType = file.storyboard; name = Base; path = Base.lproj/Main.storyboard; sourceTree = "<group>"; };
		E9EFCC301F34E87500B7718F /* Assets.xcassets */ = {isa = PBXFileReference; lastKnownFileType = folder.assetcatalog; path = Assets.xcassets; sourceTree = "<group>"; };
		E9EFCC331F34E87500B7718F /* Base */ = {isa = PBXFileReference; lastKnownFileType = file.storyboard; name = Base; path = Base.lproj/LaunchScreen.storyboard; sourceTree = "<group>"; };
		E9EFCC351F34E87500B7718F /* Info.plist */ = {isa = PBXFileReference; lastKnownFileType = text.plist.xml; path = Info.plist; sourceTree = "<group>"; };
		E9EFCC3B1F34E8C000B7718F /* IBMMLDesignableView.swift */ = {isa = PBXFileReference; fileEncoding = 4; lastKnownFileType = sourcecode.swift; path = IBMMLDesignableView.swift; sourceTree = "<group>"; };
/* End PBXFileReference section */

/* Begin PBXFrameworksBuildPhase section */
		E9EFCC231F34E87400B7718F /* Frameworks */ = {
			isa = PBXFrameworksBuildPhase;
			buildActionMask = 2147483647;
			files = (
			);
			runOnlyForDeploymentPostprocessing = 0;
		};
/* End PBXFrameworksBuildPhase section */

/* Begin PBXGroup section */
		E9EFCC1D1F34E87400B7718F = {
			isa = PBXGroup;
			children = (
				E9EFCC281F34E87400B7718F /* IBDesignable */,
				E9EFCC271F34E87400B7718F /* Products */,
			);
			sourceTree = "<group>";
		};
		E9EFCC271F34E87400B7718F /* Products */ = {
			isa = PBXGroup;
			children = (
				E9EFCC261F34E87400B7718F /* IBDesignable.app */,
			);
			name = Products;
			sourceTree = "<group>";
		};
		E9EFCC281F34E87400B7718F /* IBDesignable */ = {
			isa = PBXGroup;
			children = (
				E9EFCC3B1F34E8C000B7718F /* IBMMLDesignableView.swift */,
				E9EFCC291F34E87400B7718F /* AppDelegate.swift */,
				E9EFCC2B1F34E87500B7718F /* ViewController.swift */,
				E9EFCC2D1F34E87500B7718F /* Main.storyboard */,
				E9EFCC301F34E87500B7718F /* Assets.xcassets */,
				E9EFCC321F34E87500B7718F /* LaunchScreen.storyboard */,
				E9EFCC351F34E87500B7718F /* Info.plist */,
			);
			path = IBDesignable;
			sourceTree = "<group>";
		};
/* End PBXGroup section */

/* Begin PBXNativeTarget section */
		E9EFCC251F34E87400B7718F /* IBDesignable */ = {
			isa = PBXNativeTarget;
			buildConfigurationList = E9EFCC381F34E87500B7718F /* Build configuration list for PBXNativeTarget "IBDesignable" */;
			buildPhases = (
				E9EFCC221F34E87400B7718F /* Sources */,
				E9EFCC231F34E87400B7718F /* Frameworks */,
				E9EFCC241F34E87400B7718F /* Resources */,
			);
			buildRules = (
			);
			dependencies = (
			);
			name = IBDesignable;
			productName = IBDesignable;
			productReference = E9EFCC261F34E87400B7718F /* IBDesignable.app */;
			productType = "com.apple.product-type.application";
		};
/* End PBXNativeTarget section */

/* Begin PBXProject section */
		E9EFCC1E1F34E87400B7718F /* Project object */ = {
			isa = PBXProject;
			attributes = {
				LastSwiftUpdateCheck = 0830;
				LastUpgradeCheck = 0830;
				ORGANIZATIONNAME = smart;
				TargetAttributes = {
					E9EFCC251F34E87400B7718F = {
						CreatedOnToolsVersion = 8.3.3;
						ProvisioningStyle = Automatic;
					};
				};
			};
			buildConfigurationList = E9EFCC211F34E87400B7718F /* Build configuration list for PBXProject "IBDesignable" */;
			compatibilityVersion = "Xcode 3.2";
			developmentRegion = English;
			hasScannedForEncodings = 0;
			knownRegions = (
				en,
				Base,
			);
			mainGroup = E9EFCC1D1F34E87400B7718F;
			productRefGroup = E9EFCC271F34E87400B7718F /* Products */;
			projectDirPath = "";
			projectRoot = "";
			targets = (
				E9EFCC251F34E87400B7718F /* IBDesignable */,
			);
		};
/* End PBXProject section */

/* Begin PBXResourcesBuildPhase section */
		E9EFCC241F34E87400B7718F /* Resources */ = {
			isa = PBXResourcesBuildPhase;
			buildActionMask = 2147483647;
			files = (
				E9EFCC341F34E87500B7718F /* LaunchScreen.storyboard in Resources */,
				E9EFCC311F34E87500B7718F /* Assets.xcassets in Resources */,
				E9EFCC2F1F34E87500B7718F /* Main.storyboard in Resources */,
			);
			runOnlyForDeploymentPostprocessing = 0;
		};
/* End PBXResourcesBuildPhase section */

/* Begin PBXSourcesBuildPhase section */
		E9EFCC221F34E87400B7718F /* Sources */ = {
			isa = PBXSourcesBuildPhase;
			buildActionMask = 2147483647;
			files = (
				E9EFCC3C1F34E8C000B7718F /* IBMMLDesignableView.swift in Sources */,
				E9EFCC2C1F34E87500B7718F /* ViewController.swift in Sources */,
				E9EFCC2A1F34E87500B7718F /* AppDelegate.swift in Sources */,
			);
			runOnlyForDeploymentPostprocessing = 0;
		};
/* End PBXSourcesBuildPhase section */

/* Begin PBXVariantGroup section */
		E9EFCC2D1F34E87500B7718F /* Main.storyboard */ = {
			isa = PBXVariantGroup;
			children = (
				E9EFCC2E1F34E87500B7718F /* Base */,
			);
			name = Main.storyboard;
			sourceTree = "<group>";
		};
		E9EFCC321F34E87500B7718F /* LaunchScreen.storyboard */ = {
			isa = PBXVariantGroup;
			children = (
				E9EFCC331F34E87500B7718F /* Base */,
			);
			name = LaunchScreen.storyboard;
			sourceTree = "<group>";
		};
/* End PBXVariantGroup section */

/* Begin XCBuildConfiguration section */
		E9EFCC361F34E87500B7718F /* Debug */ = {
			isa = XCBuildConfiguration;
			buildSettings = {
				ALWAYS_SEARCH_USER_PATHS = NO;
				CLANG_ANALYZER_NONNULL = YES;
				CLANG_ANALYZER_NUMBER_OBJECT_CONVERSION = YES_AGGRESSIVE;
				CLANG_CXX_LANGUAGE_STANDARD = "gnu++0x";
				CLANG_CXX_LIBRARY = "libc++";
				CLANG_ENABLE_MODULES = YES;
				CLANG_ENABLE_OBJC_ARC = YES;
				CLANG_WARN_BOOL_CONVERSION = YES;
				CLANG_WARN_CONSTANT_CONVERSION = YES;
				CLANG_WARN_DIRECT_OBJC_ISA_USAGE = YES_ERROR;
				CLANG_WARN_DOCUMENTATION_COMMENTS = YES;
				CLANG_WARN_EMPTY_BODY = YES;
				CLANG_WARN_ENUM_CONVERSION = YES;
				CLANG_WARN_INFINITE_RECURSION = YES;
				CLANG_WARN_INT_CONVERSION = YES;
				CLANG_WARN_OBJC_ROOT_CLASS = YES_ERROR;
				CLANG_WARN_SUSPICIOUS_MOVE = YES;
				CLANG_WARN_UNREACHABLE_CODE = YES;
				CLANG_WARN__DUPLICATE_METHOD_MATCH = YES;
				"CODE_SIGN_IDENTITY[sdk=iphoneos*]" = "iPhone Developer";
				COPY_PHASE_STRIP = NO;
				DEBUG_INFORMATION_FORMAT = dwarf;
				ENABLE_STRICT_OBJC_MSGSEND = YES;
				ENABLE_TESTABILITY = YES;
				GCC_C_LANGUAGE_STANDARD = gnu99;
				GCC_DYNAMIC_NO_PIC = NO;
				GCC_NO_COMMON_BLOCKS = YES;
				GCC_OPTIMIZATION_LEVEL = 0;
				GCC_PREPROCESSOR_DEFINITIONS = (
					"DEBUG=1",
					"$(inherited)",
				);
				GCC_WARN_64_TO_32_BIT_CONVERSION = YES;
				GCC_WARN_ABOUT_RETURN_TYPE = YES_ERROR;
				GCC_WARN_UNDECLARED_SELECTOR = YES;
				GCC_WARN_UNINITIALIZED_AUTOS = YES_AGGRESSIVE;
				GCC_WARN_UNUSED_FUNCTION = YES;
				GCC_WARN_UNUSED_VARIABLE = YES;
				IPHONEOS_DEPLOYMENT_TARGET = 10.3;
				MTL_ENABLE_DEBUG_INFO = YES;
				ONLY_ACTIVE_ARCH = YES;
				SDKROOT = iphoneos;
				SWIFT_ACTIVE_COMPILATION_CONDITIONS = DEBUG;
				SWIFT_OPTIMIZATION_LEVEL = "-Onone";
				TARGETED_DEVICE_FAMILY = "1,2";
			};
			name = Debug;
		};
		E9EFCC371F34E87500B7718F /* Release */ = {
			isa = XCBuildConfiguration;
			buildSettings = {
				ALWAYS_SEARCH_USER_PATHS = NO;
				CLANG_ANALYZER_NONNULL = YES;
				CLANG_ANALYZER_NUMBER_OBJECT_CONVERSION = YES_AGGRESSIVE;
				CLANG_CXX_LANGUAGE_STANDARD = "gnu++0x";
				CLANG_CXX_LIBRARY = "libc++";
				CLANG_ENABLE_MODULES = YES;
				CLANG_ENABLE_OBJC_ARC = YES;
				CLANG_WARN_BOOL_CONVERSION = YES;
				CLANG_WARN_CONSTANT_CONVERSION = YES;
				CLANG_WARN_DIRECT_OBJC_ISA_USAGE = YES_ERROR;
				CLANG_WARN_DOCUMENTATION_COMMENTS = YES;
				CLANG_WARN_EMPTY_BODY = YES;
				CLANG_WARN_ENUM_CONVERSION = YES;
				CLANG_WARN_INFINITE_RECURSION = YES;
				CLANG_WARN_INT_CONVERSION = YES;
				CLANG_WARN_OBJC_ROOT_CLASS = YES_ERROR;
				CLANG_WARN_SUSPICIOUS_MOVE = YES;
				CLANG_WARN_UNREACHABLE_CODE = YES;
				CLANG_WARN__DUPLICATE_METHOD_MATCH = YES;
				"CODE_SIGN_IDENTITY[sdk=iphoneos*]" = "iPhone Developer";
				COPY_PHASE_STRIP = NO;
				DEBUG_INFORMATION_FORMAT = "dwarf-with-dsym";
				ENABLE_NS_ASSERTIONS = NO;
				ENABLE_STRICT_OBJC_MSGSEND = YES;
				GCC_C_LANGUAGE_STANDARD = gnu99;
				GCC_NO_COMMON_BLOCKS = YES;
				GCC_WARN_64_TO_32_BIT_CONVERSION = YES;
				GCC_WARN_ABOUT_RETURN_TYPE = YES_ERROR;
				GCC_WARN_UNDECLARED_SELECTOR = YES;
				GCC_WARN_UNINITIALIZED_AUTOS = YES_AGGRESSIVE;
				GCC_WARN_UNUSED_FUNCTION = YES;
				GCC_WARN_UNUSED_VARIABLE = YES;
				IPHONEOS_DEPLOYMENT_TARGET = 10.3;
				MTL_ENABLE_DEBUG_INFO = NO;
				SDKROOT = iphoneos;
				SWIFT_OPTIMIZATION_LEVEL = "-Owholemodule";
				TARGETED_DEVICE_FAMILY = "1,2";
				VALIDATE_PRODUCT = YES;
			};
			name = Release;
		};
		E9EFCC391F34E87500B7718F /* Debug */ = {
			isa = XCBuildConfiguration;
			buildSettings = {
				ASSETCATALOG_COMPILER_APPICON_NAME = AppIcon;
				INFOPLIST_FILE = IBDesignable/Info.plist;
				LD_RUNPATH_SEARCH_PATHS = "$(inherited) @executable_path/Frameworks";
				PRODUCT_BUNDLE_IDENTIFIER = com.ios.IBDesignable;
				PRODUCT_NAME = "$(TARGET_NAME)";
				SWIFT_VERSION = 3.0;
			};
			name = Debug;
		};
		E9EFCC3A1F34E87500B7718F /* Release */ = {
			isa = XCBuildConfiguration;
			buildSettings = {
				ASSETCATALOG_COMPILER_APPICON_NAME = AppIcon;
				INFOPLIST_FILE = IBDesignable/Info.plist;
				LD_RUNPATH_SEARCH_PATHS = "$(inherited) @executable_path/Frameworks";
				PRODUCT_BUNDLE_IDENTIFIER = com.ios.IBDesignable;
				PRODUCT_NAME = "$(TARGET_NAME)";
				SWIFT_VERSION = 3.0;
			};
			name = Release;
		};
/* End XCBuildConfiguration section */

/* Begin XCConfigurationList section */
		E9EFCC211F34E87400B7718F /* Build configuration list for PBXProject "IBDesignable" */ = {
			isa = XCConfigurationList;
			buildConfigurations = (
				E9EFCC361F34E87500B7718F /* Debug */,
				E9EFCC371F34E87500B7718F /* Release */,
			);
			defaultConfigurationIsVisible = 0;
			defaultConfigurationName = Release;
		};
		E9EFCC381F34E87500B7718F /* Build configuration list for PBXNativeTarget "IBDesignable" */ = {
			isa = XCConfigurationList;
			buildConfigurations = (
				E9EFCC391F34E87500B7718F /* Debug */,
				E9EFCC3A1F34E87500B7718F /* Release */,
			);
			defaultConfigurationIsVisible = 0;
		};
/* End XCConfigurationList section */
	};
	rootObject = E9EFCC1E1F34E87400B7718F /* Project object */;
}
